
Microsoft Visual Studio Solution File, Format Version 12.00
Project("{FAE04EC0-301F-11D3-BF4B-00C04F79EFBC}") = "avaloni", "avaloni\avaloni.csproj", "{3618ACF9-F175-4C0F-87EE-20FE611F2DC4}"
EndProject
Global
	GlobalSection(SolutionConfigurationPlatforms) = preSolution
		Debug|Any CPU = Debug|Any CPU
		Release|Any CPU = Release|Any CPU
	EndGlobalSection
	GlobalSection(ProjectConfigurationPlatforms) = postSolution
		{3618ACF9-F175-4C0F-87EE-20FE611F2DC4}.Debug|Any CPU.ActiveCfg = Debug|Any CPU
		{3618ACF9-F175-4C0F-87EE-20FE611F2DC4}.Debug|Any CPU.Build.0 = Debug|Any CPU
		{3618ACF9-F175-4C0F-87EE-20FE611F2DC4}.Release|Any CPU.ActiveCfg = Release|Any CPU
		{3618ACF9-F175-4C0F-87EE-20FE611F2DC4}.Release|Any CPU.Build.0 = Release|Any CPU
	EndGlobalSection
EndGlobal
